{
  "lockfile-version": 1,
  "manifest": {
    "schema-version": "1.17.0",
    "install": {
      "claude-code": {
        "pkg-path": "claude-code",
        "pkg-group": "claude-code",
        "version": "^2.1.283"
      },
      "codex": {
        "pkg-path": "codex",
        "pkg-group": "codex",
        "version": "^0.139.0"
      },
      "infer": {
        "flake": "github:inference-gateway/cli/v0.218.0"
      },
      "nodejs": {
        "pkg-path": "nodejs_24",
        "version": "24.15.0"
      }
    },
    "hook": {
      "on-activate": "  npm install\n"
    },
    "options": {}
  },
  "packages": [
    {
      "attr_path": "claude-code",
      "broken": false,
      "derivation": "/nix/store/rv6hzxgbkl9zcfl6aq2h11n88n3gjml3-claude-code-2.1.283.drv",
      "description": "Agentic coding tool that lives in your terminal, understands your codebase, and helps you code faster",
      "install_id": "claude-code",
      "license": "Unfree",
      "locked_url": "https://github.com/flox/nixpkgs?rev=7a0f122f5090cf4c2ade2a13a0e229d4e19ba71f",
      "name": "claude-code-2.1.283",
      "pname": "claude-code",
      "rev": "7a0f122f5090cf4c2ade2a13a0e229d4e19ba71f",
      "rev_count": 1080855,
      "rev_date": "2026-09-28T06:58:16Z",
      "scrape_date": "2026-09-29T04:58:27.856862Z",
      "stabilities": [
        "unstable"
      ],
      "unfree": true,
      "version": "2.1.283",
      "outputs_to_install": [
        "out"
      ],
      "outputs": {
        "out": "/nix/store/b3fv78q0cq6kz63y6y71ziql0j0cgah2-claude-code-2.1.283"
      },
      "system": "aarch64-darwin",
      "group": "claude-code",
      "priority": 5
    },
    {
      "attr_path": "claude-code",
      "broken": false,
      "derivation": "/nix/store/jqq3qp5nih7542376iy2jkw919lcqq49-claude-code-2.1.283.drv",
      "description": "Agentic coding tool that lives in your terminal, understands your codebase, and helps you code faster",
      "install_id": "claude-code",
      "license": "Unfree",
      "locked_url": "https://github.com/flox/nixpkgs?rev=7a0f122f5090cf4c2ade2a13a0e229d4e19ba71f",
      "name": "claude-code-2.1.283",
      "pname": "claude-code",
      "rev": "7a0f122f5090cf4c2ade2a13a0e229d4e19ba71f",
      "rev_count": 1080855,
      "rev_date": "2026-09-28T06:58:16Z",
      "scrape_date": "2026-09-29T05:30:00.320688Z",
      "stabilities": [
        "unstable"
      ],
      "unfree": true,
      "version": "2.1.283",
      "outputs_to_install": [
        "out"
      ],
      "outputs": {
        "out": "/nix/store/l0i1kzpj4pw7iv8pv1vdc3kd7r3gizc6-claude-code-2.1.283"
      },
      "system": "aarch64-linux",
      "group": "claude-code",
      "priority": 5
    },
    {
      "attr_path": "claude-code",
      "broken": false,
      "derivation": "/nix/store/79ck6zjnad4cchf99lsw54b78gr0dcsn-claude-code-2.1.283.drv",
      "description": "Agentic coding tool that lives in your terminal, understands your codebase, and helps you code faster",
      "install_id": "claude-code",
      "license": "Unfree",
      "locked_url": "https://github.com/flox/nixpkgs?rev=7a0f122f5090cf4c2ade2a13a0e229d4e19ba71f",
      "name": "claude-code-2.1.283",
      "pname": "claude-code",
      "rev": "7a0f122f5090cf4c2ade2a13a0e229d4e19ba71f",
      "rev_count": 1080855,
      "rev_date": "2026-09-28T06:58:16Z",
      "scrape_date": "2026-09-29T06:06:00.987798Z",
      "stabilities": [
        "unstable"
      ],
      "unfree": true,
      "version": "2.1.283",
      "outputs_to_install": [
        "out"
      ],
      "outputs": {
        "out": "/nix/store/jzpd5jb75x932wfam79clh693vmh6n5f-claude-code-2.1.283"
      },
      "system": "x86_64-linux",
      "group": "claude-code",
      "priority": 5
    },
    {
      "attr_path": "codex",
      "broken": false,
      "derivation": "/nix/store/63vzjfrvmwix530d8sx5vxlpfzm6z20d-codex-0.139.0.drv",
      "description": "Lightweight coding agent that runs in your terminal",
      "install_id": "codex",
      "license": "Apache-2.0",
      "locked_url": "https://github.com/flox/nixpkgs?rev=567a49d1913ce81ac6e9582e3553dd90a955875f",
      "name": "codex-0.139.0",
      "pname": "codex",
      "rev": "567a49d1913ce81ac6e9582e3553dd90a955875f",
      "rev_count": 1017464,
      "rev_date": "2026-06-16T02:33:49Z",
      "scrape_date": "2026-06-17T03:13:13.967897Z",
      "stabilities": [
        "unstable"
      ],
      "unfree": false,
      "version": "0.139.0",
      "outputs_to_install": [
        "out"
      ],
      "outputs": {
        "out": "/nix/store/kk6w91iazm0qsn6rmx2bpzrcr7z5050g-codex-0.139.0"
      },
      "system": "aarch64-darwin",
      "group": "codex",
      "priority": 5
    },
    {
      "attr_path": "codex",
      "broken": false,
      "derivation": "/nix/store/pjx1j4gxicpfr57rx70kb3b1cdcfb2xl-codex-0.139.0.drv",
      "description": "Lightweight coding agent that runs in your terminal",
      "install_id": "codex",
      "license": "Apache-2.0",
      "locked_url": "https://github.com/flox/nixpkgs?rev=567a49d1913ce81ac6e9582e3553dd90a955875f",
      "name": "codex-0.139.0",
      "pname": "codex",
      "rev": "567a49d1913ce81ac6e9582e3553dd90a955875f",
      "rev_count": 1017464,
      "rev_date": "2026-06-16T02:33:49Z",
      "scrape_date": "2026-06-17T03:44:08.386385Z",
      "stabilities": [
        "unstable"
      ],
      "unfree": false,
      "version": "0.139.0",
      "outputs_to_install": [
        "out"
      ],
      "outputs": {
        "out": "/nix/store/c6xw394r6jiy6hdw83ffhsvmv92mra6c-codex-0.139.0"
      },
      "system": "aarch64-linux",
      "group": "codex",
      "priority": 5
    },
    {
      "attr_path": "codex",
      "broken": false,
      "derivation": "/nix/store/drabk2w3g0lga6pxhav1h0pqk25yxsj6-codex-0.139.0.drv",
      "description": "Lightweight coding agent that runs in your terminal",
      "install_id": "codex",
      "license": "Apache-2.0",
      "locked_url": "https://github.com/flox/nixpkgs?rev=567a49d1913ce81ac6e9582e3553dd90a955875f",
      "name": "codex-0.139.0",
      "pname": "codex",
      "rev": "567a49d1913ce81ac6e9582e3553dd90a955875f",
      "rev_count": 1017464,
      "rev_date": "2026-06-16T02:33:49Z",
      "scrape_date": "2026-06-17T04:47:04.431620Z",
      "stabilities": [
        "unstable"
      ],
      "unfree": false,
      "version": "0.139.0",
      "outputs_to_install": [
        "out"
      ],
      "outputs": {
        "out": "/nix/store/9li75nh4fyk2m574lmim7wnjqm49hl39-codex-0.139.0"
      },
      "system": "x86_64-linux",
      "group": "codex",
      "priority": 5
    },
    {
      "attr_path": "nodejs_24",
      "broken": false,
      "derivation": "/nix/store/vbx35am7lar9zvwhk4nfl3lysmbd0ils-nodejs-24.15.0.drv",
      "description": "Event-driven I/O framework for the V8 JavaScript engine",
      "install_id": "nodejs",
      "license": "MIT",
      "locked_url": "https://github.com/flox/nixpkgs?rev=567a49d1913ce81ac6e9582e3553dd90a955875f",
      "name": "nodejs-24.15.0",
      "pname": "nodejs_24",
      "rev": "567a49d1913ce81ac6e9582e3553dd90a955875f",
      "rev_count": 1017464,
      "rev_date": "2026-06-16T02:33:49Z",
      "scrape_date": "2026-06-17T03:13:39.230289Z",
      "stabilities": [
        "unstable"
      ],
      "unfree": false,
      "version": "24.15.0",
      "outputs_to_install": [
        "out"
      ],
      "outputs": {
        "out": "/nix/store/3mvbmkd7lmxi3xlka1avra24flwbgjv9-nodejs-24.15.0"
      },
      "system": "aarch64-darwin",
      "group": "toplevel",
      "priority": 5
    },
    {
      "attr_path": "nodejs_24",
      "broken": false,
      "derivation": "/nix/store/zc41z1042wi0d1gmyc8mlwv5av8fds2q-nodejs-24.15.0.drv",
      "description": "Event-driven I/O framework for the V8 JavaScript engine",
      "install_id": "nodejs",
      "license": "MIT",
      "locked_url": "https://github.com/flox/nixpkgs?rev=567a49d1913ce81ac6e9582e3553dd90a955875f",
      "name": "nodejs-24.15.0",
      "pname": "nodejs_24",
      "rev": "567a49d1913ce81ac6e9582e3553dd90a955875f",
      "rev_count": 1017464,
      "rev_date": "2026-06-16T02:33:49Z",
      "scrape_date": "2026-06-17T03:44:48.148890Z",
      "stabilities": [
        "unstable"
      ],
      "unfree": false,
      "version": "24.15.0",
      "outputs_to_install": [
        "out"
      ],
      "outputs": {
        "out": "/nix/store/rmdjmd0iy5zlyg0j2i1cd0s7ha1562fs-nodejs-24.15.0"
      },
      "system": "aarch64-linux",
      "group": "toplevel",
      "priority": 5
    },
    {
      "attr_path": "nodejs_24",
      "broken": false,
      "derivation": "/nix/store/f8i8jydaqs0ngxm97c091zna2mnjb43f-nodejs-24.15.0.drv",
      "description": "Event-driven I/O framework for the V8 JavaScript engine",
      "install_id": "nodejs",
      "license": "MIT",
      "locked_url": "https://github.com/flox/nixpkgs?rev=567a49d1913ce81ac6e9582e3553dd90a955875f",
      "name": "nodejs-24.15.0",
      "pname": "nodejs_24",
      "rev": "567a49d1913ce81ac6e9582e3553dd90a955875f",
      "rev_count": 1017464,
      "rev_date": "2026-06-16T02:33:49Z",
      "scrape_date": "2026-06-17T04:47:47.934763Z",
      "stabilities": [
        "unstable"
      ],
      "unfree": false,
      "version": "24.15.0",
      "outputs_to_install": [
        "out"
      ],
      "outputs": {
        "out": "/nix/store/5a8ysg1jnj8jmzzyfcfw7rvpvnp5rfpa-nodejs-24.15.0"
      },
      "system": "x86_64-linux",
      "group": "toplevel",
      "priority": 5
    },
    {
      "install_id": "infer",
      "locked-url": "github:inference-gateway/cli/e6357da474310967f9d96c8683449a34f182edb7?narHash=sha256-TDZA5SvPrY9nMseBQvJFl3lLe%2B8kr2Z%2BXAAmOJSi%2Bv0%3D",
      "flake-description": "Inference Gateway CLI - infer",
      "locked-flake-attr-path": "packages.aarch64-darwin.default",
      "derivation": "/nix/store/1bq547cirmqc5l7anngl77phm5qgnxls-infer-0.218.0.drv",
      "outputs": {
        "out": "/nix/store/4nkzl5xqk47bvsam2gr7i4g82wr5brvx-infer-0.218.0"
      },
      "output-names": [
        "out"
      ],
      "outputs-to-install": [
        "out"
      ],
      "requested-outputs-to-install": [],
      "package-system": "aarch64-darwin",
      "system": "aarch64-darwin",
      "name": "infer-0.218.0",
      "pname": "infer",
      "version": "0.218.0",
      "description": "Command-line interface for the Inference Gateway - AI model interaction manager",
      "licenses": [
        "MIT"
      ],
      "broken": false,
      "unfree": false,
      "priority": 5
    },
    {
      "install_id": "infer",
      "locked-url": "github:inference-gateway/cli/e6357da474310967f9d96c8683449a34f182edb7?narHash=sha256-TDZA5SvPrY9nMseBQvJFl3lLe%2B8kr2Z%2BXAAmOJSi%2Bv0%3D",
      "flake-description": "Inference Gateway CLI - infer",
      "locked-flake-attr-path": "packages.aarch64-linux.default",
      "derivation": "/nix/store/fms5425c1f1gmm45j6gfdh2533kl2jf5-infer-0.218.0.drv",
      "outputs": {
        "out": "/nix/store/529c6lq22npi5lfvad3h9hla39zszp9x-infer-0.218.0"
      },
      "output-names": [
        "out"
      ],
      "outputs-to-install": [
        "out"
      ],
      "requested-outputs-to-install": [],
      "package-system": "aarch64-linux",
      "system": "aarch64-linux",
      "name": "infer-0.218.0",
      "pname": "infer",
      "version": "0.218.0",
      "description": "Command-line interface for the Inference Gateway - AI model interaction manager",
      "licenses": [
        "MIT"
      ],
      "broken": false,
      "unfree": false,
      "priority": 5
    },
    {
      "install_id": "infer",
      "locked-url": "github:inference-gateway/cli/e6357da474310967f9d96c8683449a34f182edb7?narHash=sha256-TDZA5SvPrY9nMseBQvJFl3lLe%2B8kr2Z%2BXAAmOJSi%2Bv0%3D",
      "flake-description": "Inference Gateway CLI - infer",
      "locked-flake-attr-path": "packages.x86_64-linux.default",
      "derivation": "/nix/store/r857i079r56q2wzpqpq0vmlmjvnxd7sd-infer-0.218.0.drv",
      "outputs": {
        "out": "/nix/store/47jckg9xrvjwd91p2m9waxssr2vfmjs5-infer-0.218.0"
      },
      "output-names": [
        "out"
      ],
      "outputs-to-install": [
        "out"
      ],
      "requested-outputs-to-install": [],
      "package-system": "x86_64-linux",
      "system": "x86_64-linux",
      "name": "infer-0.218.0",
      "pname": "infer",
      "version": "0.218.0",
      "description": "Command-line interface for the Inference Gateway - AI model interaction manager",
      "licenses": [
        "MIT"
      ],
      "broken": false,
      "unfree": false,
      "priority": 5
    }
  ]
}
